
Microsoft Visual Studio Solution File, Format Version 12.00
# Visual Studio Version 16
VisualStudioVersion = 16.0.31025.194
MinimumVisualStudioVersion = 10.0.40219.1
Project("{FAE04EC0-301F-11D3-BF4B-00C04F79EFBC}") = "Ecommerce", "Ecommerce\Ecommerce.csproj", "{A3AD9BCA-1CEE-4F8B-BE7F-3523F1C8B969}"
EndProject
Global
	GlobalSection(SolutionConfigurationPlatforms) = preSolution
		Debug|Any CPU = Debug|Any CPU
		Release|Any CPU = Release|Any CPU
	EndGlobalSection
	GlobalSection(ProjectConfigurationPlatforms) = postSolution
		{A3AD9BCA-1CEE-4F8B-BE7F-3523F1C8B969}.Debug|Any CPU.ActiveCfg = Debug|Any CPU
		{A3AD9BCA-1CEE-4F8B-BE7F-3523F1C8B969}.Debug|Any CPU.Build.0 = Debug|Any CPU
		{A3AD9BCA-1CEE-4F8B-BE7F-3523F1C8B969}.Release|Any CPU.ActiveCfg = Release|Any CPU
		{A3AD9BCA-1CEE-4F8B-BE7F-3523F1C8B969}.Release|Any CPU.Build.0 = Release|Any CPU
	EndGlobalSection
	GlobalSection(SolutionProperties) = preSolution
		HideSolutionNode = FALSE
	EndGlobalSection
	GlobalSection(ExtensibilityGlobals) = postSolution
		SolutionGuid = {7F002F3F-1B01-47C8-9168-BACD12BFE7BC}
	EndGlobalSection
EndGlobal
